
Microsoft Visual Studio Solution File, Format Version 12.00
# Visual Studio Version 16
VisualStudioVersion = 16.0.31129.286
MinimumVisualStudioVersion = 10.0.40219.1
Project("{8BC9CEB8-8B4A-11D0-8D11-00A0C91BC942}") = "20210426", "20210426.vcxproj", "{F3D241F0-784B-4241-8B9F-4484381112F6}"
EndProject
Global
	GlobalSection(SolutionConfigurationPlatforms) = preSolution
		Debug|x64 = Debug|x64
		Debug|x86 = Debug|x86
		Release|x64 = Release|x64
		Release|x86 = Release|x86
	EndGlobalSection
	GlobalSection(ProjectConfigurationPlatforms) = postSolution
		{F3D241F0-784B-4241-8B9F-4484381112F6}.Debug|x64.ActiveCfg = Debug|x64
		{F3D241F0-784B-4241-8B9F-4484381112F6}.Debug|x64.Build.0 = Debug|x64
		{F3D241F0-784B-4241-8B9F-4484381112F6}.Debug|x86.ActiveCfg = Debug|Win32
		{F3D241F0-784B-4241-8B9F-4484381112F6}.Debug|x86.Build.0 = Debug|Win32
		{F3D241F0-784B-4241-8B9F-4484381112F6}.Release|x64.ActiveCfg = Release|x64
		{F3D241F0-784B-4241-8B9F-4484381112F6}.Release|x64.Build.0 = Release|x64
		{F3D241F0-784B-4241-8B9F-4484381112F6}.Release|x86.ActiveCfg = Release|Win32
		{F3D241F0-784B-4241-8B9F-4484381112F6}.Release|x86.Build.0 = Release|Win32
	EndGlobalSection
	GlobalSection(SolutionProperties) = preSolution
		HideSolutionNode = FALSE
	EndGlobalSection
	GlobalSection(ExtensibilityGlobals) = postSolution
		SolutionGuid = {EE2CA7EA-B910-4E7F-A2E9-6C4FF3DFB752}
	EndGlobalSection
EndGlobal
